
Microsoft Visual Studio Solution File, Format Version 12.00
# Visual Studio Version 16
VisualStudioVersion = 16.0.33027.164
MinimumVisualStudioVersion = 10.0.40219.1
Project("{FAE04EC0-301F-11D3-BF4B-00C04F79EFBC}") = "Task7.SubTask7", "Task7.SubTask7\Task7.SubTask7.csproj", "{3F991350-7050-42B4-A4BA-67918888668D}"
EndProject
Global
	GlobalSection(SolutionConfigurationPlatforms) = preSolution
		Debug|Any CPU = Debug|Any CPU
		Release|Any CPU = Release|Any CPU
	EndGlobalSection
	GlobalSection(ProjectConfigurationPlatforms) = postSolution
		{3F991350-7050-42B4-A4BA-67918888668D}.Debug|Any CPU.ActiveCfg = Debug|Any CPU
		{3F991350-7050-42B4-A4BA-67918888668D}.Debug|Any CPU.Build.0 = Debug|Any CPU
		{3F991350-7050-42B4-A4BA-67918888668D}.Release|Any CPU.ActiveCfg = Release|Any CPU
		{3F991350-7050-42B4-A4BA-67918888668D}.Release|Any CPU.Build.0 = Release|Any CPU
	EndGlobalSection
	GlobalSection(SolutionProperties) = preSolution
		HideSolutionNode = FALSE
	EndGlobalSection
	GlobalSection(ExtensibilityGlobals) = postSolution
		SolutionGuid = {2D2AFDB3-CF90-479A-8745-3EE613BC3DA1}
	EndGlobalSection
EndGlobal
